// !$*UTF8*$!
{
	archiveVersion = 1;
	classes = {
	};
	objectVersion = 46;
	objects = {

/* Begin PBXBuildFile section */
		846A0CE51B300BA7001C981F /* AppDelegate.swift in Sources */ = {isa = PBXBuildFile; fileRef = 846A0CE41B300BA7001C981F /* AppDelegate.swift */; };
		846A0CE71B300BA7001C981F /* ViewController.swift in Sources */ = {isa = PBXBuildFile; fileRef = 846A0CE61B300BA7001C981F /* ViewController.swift */; };
		846A0CEA1B300BA7001C981F /* Main.storyboard in Resources */ = {isa = PBXBuildFile; fileRef = 846A0CE81B300BA7001C981F /* Main.storyboard */; };
		846A0CEC1B300BA7001C981F /* Images.xcassets in Resources */ = {isa = PBXBuildFile; fileRef = 846A0CEB1B300BA7001C981F /* Images.xcassets */; };
		846A0CEF1B300BA7001C981F /* LaunchScreen.xib in Resources */ = {isa = PBXBuildFile; fileRef = 846A0CED1B300BA7001C981F /* LaunchScreen.xib */; };
		846A0CFB1B300BA8001C981F /* ScorebbTests.swift in Sources */ = {isa = PBXBuildFile; fileRef = 846A0CFA1B300BA8001C981F /* ScorebbTests.swift */; };
		848545F31B36593B00148547 /* ViewController2.swift in Sources */ = {isa = PBXBuildFile; fileRef = 848545F21B36593B00148547 /* ViewController2.swift */; };
		848545F51B36FBCC00148547 /* UIDatePicker.swift in Sources */ = {isa = PBXBuildFile; fileRef = 848545F41B36FBCC00148547 /* UIDatePicker.swift */; };
		8488471A1B32378C0048C5D2 /* スコアボード1.jpg in Resources */ = {isa = PBXBuildFile; fileRef = 848847191B32378C0048C5D2 /* スコアボード1.jpg */; };
		8488471C1B3237990048C5D2 /* 球場1.jpg in Resources */ = {isa = PBXBuildFile; fileRef = 8488471B1B3237990048C5D2 /* 球場1.jpg */; };
		8488471E1B3240180048C5D2 /* ボール2.png in Resources */ = {isa = PBXBuildFile; fileRef = 8488471D1B3240180048C5D2 /* ボール2.png */; };
		848847201B3257DB0048C5D2 /* font.php.png in Resources */ = {isa = PBXBuildFile; fileRef = 8488471F1B3257DB0048C5D2 /* font.php.png */; };
		84AFAE631B32C5CE0009E99C /* scorenyuuryoku.png in Resources */ = {isa = PBXBuildFile; fileRef = 84AFAE621B32C5CE0009E99C /* scorenyuuryoku.png */; };
		84AFAE651B32C9500009E99C /* sensyurogo.png in Resources */ = {isa = PBXBuildFile; fileRef = 84AFAE641B32C9500009E99C /* sensyurogo.png */; };
		84AFAE671B32CA300009E99C /* kakono.png in Resources */ = {isa = PBXBuildFile; fileRef = 84AFAE661B32CA300009E99C /* kakono.png */; };
		84AFAE691B32CEA40009E99C /* grove.gif in Resources */ = {isa = PBXBuildFile; fileRef = 84AFAE681B32CEA40009E99C /* grove.gif */; };
		84AFAE711B32DA3B0009E99C /* rainappu_rogo.png in Resources */ = {isa = PBXBuildFile; fileRef = 84AFAE701B32DA3B0009E99C /* rainappu_rogo.png */; };
		84AFAE731B32DEE40009E99C /* rainappu2.png in Resources */ = {isa = PBXBuildFile; fileRef = 84AFAE721B32DEE40009E99C /* rainappu2.png */; };
		84F2FAF11B32861E006B257A /* scoreboard2.png in Resources */ = {isa = PBXBuildFile; fileRef = 84F2FAF01B32861E006B257A /* scoreboard2.png */; };
		84F2FAF31B32B00E006B257A /* Baseball1.png in Resources */ = {isa = PBXBuildFile; fileRef = 84F2FAF21B32B00E006B257A /* Baseball1.png */; };
		84F2FAF51B32B2DF006B257A /* Score.png in Resources */ = {isa = PBXBuildFile; fileRef = 84F2FAF41B32B2DF006B257A /* Score.png */; };
		84F2FAF71B32B33E006B257A /* Book.png in Resources */ = {isa = PBXBuildFile; fileRef = 84F2FAF61B32B33E006B257A /* Book.png */; };
		84F2FAFD1B32B900006B257A /* you3.png in Resources */ = {isa = PBXBuildFile; fileRef = 84F2FAFC1B32B900006B257A /* you3.png */; };
/* End PBXBuildFile section */

/* Begin PBXContainerItemProxy section */
		846A0CF51B300BA7001C981F /* PBXContainerItemProxy */ = {
			isa = PBXContainerItemProxy;
			containerPortal = 846A0CD71B300BA7001C981F /* Project object */;
			proxyType = 1;
			remoteGlobalIDString = 846A0CDE1B300BA7001C981F;
			remoteInfo = Scorebb;
		};
/* End PBXContainerItemProxy section */

/* Begin PBXFileReference section */
		846A0CDF1B300BA7001C981F /* Scorebb.app */ = {isa = PBXFileReference; explicitFileType = wrapper.application; includeInIndex = 0; path = Scorebb.app; sourceTree = BUILT_PRODUCTS_DIR; };
		846A0CE31B300BA7001C981F /* Info.plist */ = {isa = PBXFileReference; lastKnownFileType = text.plist.xml; path = Info.plist; sourceTree = "<group>"; };
		846A0CE41B300BA7001C981F /* AppDelegate.swift */ = {isa = PBXFileReference; lastKnownFileType = sourcecode.swift; path = AppDelegate.swift; sourceTree = "<group>"; };
		846A0CE61B300BA7001C981F /* ViewController.swift */ = {isa = PBXFileReference; lastKnownFileType = sourcecode.swift; path = ViewController.swift; sourceTree = "<group>"; };
		846A0CE91B300BA7001C981F /* Base */ = {isa = PBXFileReference; lastKnownFileType = file.storyboard; name = Base; path = Base.lproj/Main.storyboard; sourceTree = "<group>"; };
		846A0CEB1B300BA7001C981F /* Images.xcassets */ = {isa = PBXFileReference; lastKnownFileType = folder.assetcatalog; path = Images.xcassets; sourceTree = "<group>"; };
		846A0CEE1B300BA7001C981F /* Base */ = {isa = PBXFileReference; lastKnownFileType = file.xib; name = Base; path = Base.lproj/LaunchScreen.xib; sourceTree = "<group>"; };
		846A0CF41B300BA7001C981F /* ScorebbTests.xctest */ = {isa = PBXFileReference; explicitFileType = wrapper.cfbundle; includeInIndex = 0; path = ScorebbTests.xctest; sourceTree = BUILT_PRODUCTS_DIR; };
		846A0CF91B300BA8001C981F /* Info.plist */ = {isa = PBXFileReference; lastKnownFileType = text.plist.xml; path = Info.plist; sourceTree = "<group>"; };
		846A0CFA1B300BA8001C981F /* ScorebbTests.swift */ = {isa = PBXFileReference; lastKnownFileType = sourcecode.swift; path = ScorebbTests.swift; sourceTree = "<group>"; };
		848545F21B36593B00148547 /* ViewController2.swift */ = {isa = PBXFileReference; fileEncoding = 4; lastKnownFileType = sourcecode.swift; path = ViewController2.swift; sourceTree = "<group>"; };
		848545F41B36FBCC00148547 /* UIDatePicker.swift */ = {isa = PBXFileReference; fileEncoding = 4; lastKnownFileType = sourcecode.swift; path = UIDatePicker.swift; sourceTree = SOURCE_ROOT; };
		848847191B32378C0048C5D2 /* スコアボード1.jpg */ = {isa = PBXFileReference; lastKnownFileType = image.jpeg; path = "スコアボード1.jpg"; sourceTree = "<group>"; };
		8488471B1B3237990048C5D2 /* 球場1.jpg */ = {isa = PBXFileReference; lastKnownFileType = image.jpeg; path = "球場1.jpg"; sourceTree = "<group>"; };
		8488471D1B3240180048C5D2 /* ボール2.png */ = {isa = PBXFileReference; lastKnownFileType = image.png; path = "ボール2.png"; sourceTree = "<group>"; };
		8488471F1B3257DB0048C5D2 /* font.php.png */ = {isa = PBXFileReference; lastKnownFileType = image.png; path = font.php.png; sourceTree = "<group>"; };
		84AFAE621B32C5CE0009E99C /* scorenyuuryoku.png */ = {isa = PBXFileReference; lastKnownFileType = image.png; path = scorenyuuryoku.png; sourceTree = "<group>"; };
		84AFAE641B32C9500009E99C /* sensyurogo.png */ = {isa = PBXFileReference; lastKnownFileType = image.png; path = sensyurogo.png; sourceTree = "<group>"; };
		84AFAE661B32CA300009E99C /* kakono.png */ = {isa = PBXFileReference; lastKnownFileType = image.png; path = kakono.png; sourceTree = "<group>"; };
		84AFAE681B32CEA40009E99C /* grove.gif */ = {isa = PBXFileReference; lastKnownFileType = image.gif; path = grove.gif; sourceTree = "<group>"; };
		84AFAE701B32DA3B0009E99C /* rainappu_rogo.png */ = {isa = PBXFileReference; lastKnownFileType = image.png; path = rainappu_rogo.png; sourceTree = "<group>"; };
		84AFAE721B32DEE40009E99C /* rainappu2.png */ = {isa = PBXFileReference; lastKnownFileType = image.png; path = rainappu2.png; sourceTree = "<group>"; };
		84F2FAF01B32861E006B257A /* scoreboard2.png */ = {isa = PBXFileReference; lastKnownFileType = image.png; path = scoreboard2.png; sourceTree = "<group>"; };
		84F2FAF21B32B00E006B257A /* Baseball1.png */ = {isa = PBXFileReference; lastKnownFileType = image.png; path = Baseball1.png; sourceTree = "<group>"; };
		84F2FAF41B32B2DF006B257A /* Score.png */ = {isa = PBXFileReference; lastKnownFileType = image.png; path = Score.png; sourceTree = "<group>"; };
		84F2FAF61B32B33E006B257A /* Book.png */ = {isa = PBXFileReference; lastKnownFileType = image.png; path = Book.png; sourceTree = "<group>"; };
		84F2FAFC1B32B900006B257A /* you3.png */ = {isa = PBXFileReference; lastKnownFileType = image.png; path = you3.png; sourceTree = "<group>"; };
/* End PBXFileReference section */

/* Begin PBXFrameworksBuildPhase section */
		846A0CDC1B300BA7001C981F /* Frameworks */ = {
			isa = PBXFrameworksBuildPhase;
			buildActionMask = 2147483647;
			files = (
			);
			runOnlyForDeploymentPostprocessing = 0;
		};
		846A0CF11B300BA7001C981F /* Frameworks */ = {
			isa = PBXFrameworksBuildPhase;
			buildActionMask = 2147483647;
			files = (
			);
			runOnlyForDeploymentPostprocessing = 0;
		};
/* End PBXFrameworksBuildPhase section */

/* Begin PBXGroup section */
		846A0CD61B300BA7001C981F = {
			isa = PBXGroup;
			children = (
				846A0CE11B300BA7001C981F /* Scorebb */,
				846A0CF71B300BA7001C981F /* ScorebbTests */,
				846A0CE01B300BA7001C981F /* Products */,
			);
			sourceTree = "<group>";
		};
		846A0CE01B300BA7001C981F /* Products */ = {
			isa = PBXGroup;
			children = (
				846A0CDF1B300BA7001C981F /* Scorebb.app */,
				846A0CF41B300BA7001C981F /* ScorebbTests.xctest */,
			);
			name = Products;
			sourceTree = "<group>";
		};
		846A0CE11B300BA7001C981F /* Scorebb */ = {
			isa = PBXGroup;
			children = (
				846A0CE41B300BA7001C981F /* AppDelegate.swift */,
				846A0CE61B300BA7001C981F /* ViewController.swift */,
				848545F21B36593B00148547 /* ViewController2.swift */,
				848545F41B36FBCC00148547 /* UIDatePicker.swift */,
				846A0CE81B300BA7001C981F /* Main.storyboard */,
				84AFAE721B32DEE40009E99C /* rainappu2.png */,
				84AFAE701B32DA3B0009E99C /* rainappu_rogo.png */,
				84AFAE681B32CEA40009E99C /* grove.gif */,
				84AFAE661B32CA300009E99C /* kakono.png */,
				84AFAE641B32C9500009E99C /* sensyurogo.png */,
				84AFAE621B32C5CE0009E99C /* scorenyuuryoku.png */,
				84F2FAFC1B32B900006B257A /* you3.png */,
				84F2FAF61B32B33E006B257A /* Book.png */,
				84F2FAF41B32B2DF006B257A /* Score.png */,
				84F2FAF21B32B00E006B257A /* Baseball1.png */,
				84F2FAF01B32861E006B257A /* scoreboard2.png */,
				8488471F1B3257DB0048C5D2 /* font.php.png */,
				8488471D1B3240180048C5D2 /* ボール2.png */,
				8488471B1B3237990048C5D2 /* 球場1.jpg */,
				848847191B32378C0048C5D2 /* スコアボード1.jpg */,
				846A0CEB1B300BA7001C981F /* Images.xcassets */,
				846A0CED1B300BA7001C981F /* LaunchScreen.xib */,
				846A0CE21B300BA7001C981F /* Supporting Files */,
			);
			path = Scorebb;
			sourceTree = "<group>";
		};
		846A0CE21B300BA7001C981F /* Supporting Files */ = {
			isa = PBXGroup;
			children = (
				846A0CE31B300BA7001C981F /* Info.plist */,
			);
			name = "Supporting Files";
			sourceTree = "<group>";
		};
		846A0CF71B300BA7001C981F /* ScorebbTests */ = {
			isa = PBXGroup;
			children = (
				846A0CFA1B300BA8001C981F /* ScorebbTests.swift */,
				846A0CF81B300BA8001C981F /* Supporting Files */,
			);
			path = ScorebbTests;
			sourceTree = "<group>";
		};
		846A0CF81B300BA8001C981F /* Supporting Files */ = {
			isa = PBXGroup;
			children = (
				846A0CF91B300BA8001C981F /* Info.plist */,
			);
			name = "Supporting Files";
			sourceTree = "<group>";
		};
/* End PBXGroup section */

/* Begin PBXNativeTarget section */
		846A0CDE1B300BA7001C981F /* Scorebb */ = {
			isa = PBXNativeTarget;
			buildConfigurationList = 846A0CFE1B300BA8001C981F /* Build configuration list for PBXNativeTarget "Scorebb" */;
			buildPhases = (
				846A0CDB1B300BA7001C981F /* Sources */,
				846A0CDC1B300BA7001C981F /* Frameworks */,
				846A0CDD1B300BA7001C981F /* Resources */,
			);
			buildRules = (
			);
			dependencies = (
			);
			name = Scorebb;
			productName = Scorebb;
			productReference = 846A0CDF1B300BA7001C981F /* Scorebb.app */;
			productType = "com.apple.product-type.application";
		};
		846A0CF31B300BA7001C981F /* ScorebbTests */ = {
			isa = PBXNativeTarget;
			buildConfigurationList = 846A0D011B300BA8001C981F /* Build configuration list for PBXNativeTarget "ScorebbTests" */;
			buildPhases = (
				846A0CF01B300BA7001C981F /* Sources */,
				846A0CF11B300BA7001C981F /* Frameworks */,
				846A0CF21B300BA7001C981F /* Resources */,
			);
			buildRules = (
			);
			dependencies = (
				846A0CF61B300BA7001C981F /* PBXTargetDependency */,
			);
			name = ScorebbTests;
			productName = ScorebbTests;
			productReference = 846A0CF41B300BA7001C981F /* ScorebbTests.xctest */;
			productType = "com.apple.product-type.bundle.unit-test";
		};
/* End PBXNativeTarget section */

/* Begin PBXProject section */
		846A0CD71B300BA7001C981F /* Project object */ = {
			isa = PBXProject;
			attributes = {
				LastUpgradeCheck = 0630;
				ORGANIZATIONNAME = "高田早記";
				TargetAttributes = {
					846A0CDE1B300BA7001C981F = {
						CreatedOnToolsVersion = 6.3.1;
					};
					846A0CF31B300BA7001C981F = {
						CreatedOnToolsVersion = 6.3.1;
						TestTargetID = 846A0CDE1B300BA7001C981F;
					};
				};
			};
			buildConfigurationList = 846A0CDA1B300BA7001C981F /* Build configuration list for PBXProject "Scorebb" */;
			compatibilityVersion = "Xcode 3.2";
			developmentRegion = English;
			hasScannedForEncodings = 0;
			knownRegions = (
				en,
				Base,
			);
			mainGroup = 846A0CD61B300BA7001C981F;
			productRefGroup = 846A0CE01B300BA7001C981F /* Products */;
			projectDirPath = "";
			projectRoot = "";
			targets = (
				846A0CDE1B300BA7001C981F /* Scorebb */,
				846A0CF31B300BA7001C981F /* ScorebbTests */,
			);
		};
/* End PBXProject section */

/* Begin PBXResourcesBuildPhase section */
		846A0CDD1B300BA7001C981F /* Resources */ = {
			isa = PBXResourcesBuildPhase;
			buildActionMask = 2147483647;
			files = (
				84AFAE711B32DA3B0009E99C /* rainappu_rogo.png in Resources */,
				84AFAE691B32CEA40009E99C /* grove.gif in Resources */,
				84F2FAF51B32B2DF006B257A /* Score.png in Resources */,
				84F2FAF11B32861E006B257A /* scoreboard2.png in Resources */,
				84F2FAF31B32B00E006B257A /* Baseball1.png in Resources */,
				848847201B3257DB0048C5D2 /* font.php.png in Resources */,
				8488471A1B32378C0048C5D2 /* スコアボード1.jpg in Resources */,
				846A0CEA1B300BA7001C981F /* Main.storyboard in Resources */,
				8488471C1B3237990048C5D2 /* 球場1.jpg in Resources */,
				84AFAE671B32CA300009E99C /* kakono.png in Resources */,
				846A0CEF1B300BA7001C981F /* LaunchScreen.xib in Resources */,
				84AFAE631B32C5CE0009E99C /* scorenyuuryoku.png in Resources */,
				84AFAE731B32DEE40009E99C /* rainappu2.png in Resources */,
				84AFAE651B32C9500009E99C /* sensyurogo.png in Resources */,
				846A0CEC1B300BA7001C981F /* Images.xcassets in Resources */,
				8488471E1B3240180048C5D2 /* ボール2.png in Resources */,
				84F2FAF71B32B33E006B257A /* Book.png in Resources */,
				84F2FAFD1B32B900006B257A /* you3.png in Resources */,
			);
			runOnlyForDeploymentPostprocessing = 0;
		};
		846A0CF21B300BA7001C981F /* Resources */ = {
			isa = PBXResourcesBuildPhase;
			buildActionMask = 2147483647;
			files = (
			);
			runOnlyForDeploymentPostprocessing = 0;
		};
/* End PBXResourcesBuildPhase section */

/* Begin PBXSourcesBuildPhase section */
		846A0CDB1B300BA7001C981F /* Sources */ = {
			isa = PBXSourcesBuildPhase;
			buildActionMask = 2147483647;
			files = (
				846A0CE71B300BA7001C981F /* ViewController.swift in Sources */,
				848545F31B36593B00148547 /* ViewController2.swift in Sources */,
				846A0CE51B300BA7001C981F /* AppDelegate.swift in Sources */,
				848545F51B36FBCC00148547 /* UIDatePicker.swift in Sources */,
			);
			runOnlyForDeploymentPostprocessing = 0;
		};
		846A0CF01B300BA7001C981F /* Sources */ = {
			isa = PBXSourcesBuildPhase;
			buildActionMask = 2147483647;
			files = (
				846A0CFB1B300BA8001C981F /* ScorebbTests.swift in Sources */,
			);
			runOnlyForDeploymentPostprocessing = 0;
		};
/* End PBXSourcesBuildPhase section */

/* Begin PBXTargetDependency section */
		846A0CF61B300BA7001C981F /* PBXTargetDependency */ = {
			isa = PBXTargetDependency;
			target = 846A0CDE1B300BA7001C981F /* Scorebb */;
			targetProxy = 846A0CF51B300BA7001C981F /* PBXContainerItemProxy */;
		};
/* End PBXTargetDependency section */

/* Begin PBXVariantGroup section */
		846A0CE81B300BA7001C981F /* Main.storyboard */ = {
			isa = PBXVariantGroup;
			children = (
				846A0CE91B300BA7001C981F /* Base */,
			);
			name = Main.storyboard;
			sourceTree = "<group>";
		};
		846A0CED1B300BA7001C981F /* LaunchScreen.xib */ = {
			isa = PBXVariantGroup;
			children = (
				846A0CEE1B300BA7001C981F /* Base */,
			);
			name = LaunchScreen.xib;
			sourceTree = "<group>";
		};
/* End PBXVariantGroup section */

/* Begin XCBuildConfiguration section */
		846A0CFC1B300BA8001C981F /* Debug */ = {
			isa = XCBuildConfiguration;
			buildSettings = {
				ALWAYS_SEARCH_USER_PATHS = NO;
				CLANG_CXX_LANGUAGE_STANDARD = "gnu++0x";
				CLANG_CXX_LIBRARY = "libc++";
				CLANG_ENABLE_MODULES = YES;
				CLANG_ENABLE_OBJC_ARC = YES;
				CLANG_WARN_BOOL_CONVERSION = YES;
				CLANG_WARN_CONSTANT_CONVERSION = YES;
				CLANG_WARN_DIRECT_OBJC_ISA_USAGE = YES_ERROR;
				CLANG_WARN_EMPTY_BODY = YES;
				CLANG_WARN_ENUM_CONVERSION = YES;
				CLANG_WARN_INT_CONVERSION = YES;
				CLANG_WARN_OBJC_ROOT_CLASS = YES_ERROR;
				CLANG_WARN_UNREACHABLE_CODE = YES;
				CLANG_WARN__DUPLICATE_METHOD_MATCH = YES;
				"CODE_SIGN_IDENTITY[sdk=iphoneos*]" = "iPhone Developer";
				COPY_PHASE_STRIP = NO;
				DEBUG_INFORMATION_FORMAT = "dwarf-with-dsym";
				ENABLE_STRICT_OBJC_MSGSEND = YES;
				GCC_C_LANGUAGE_STANDARD = gnu99;
				GCC_DYNAMIC_NO_PIC = NO;
				GCC_NO_COMMON_BLOCKS = YES;
				GCC_OPTIMIZATION_LEVEL = 0;
				GCC_PREPROCESSOR_DEFINITIONS = (
					"DEBUG=1",
					"$(inherited)",
				);
				GCC_SYMBOLS_PRIVATE_EXTERN = NO;
				GCC_WARN_64_TO_32_BIT_CONVERSION = YES;
				GCC_WARN_ABOUT_RETURN_TYPE = YES_ERROR;
				GCC_WARN_UNDECLARED_SELECTOR = YES;
				GCC_WARN_UNINITIALIZED_AUTOS = YES_AGGRESSIVE;
				GCC_WARN_UNUSED_FUNCTION = YES;
				GCC_WARN_UNUSED_VARIABLE = YES;
				IPHONEOS_DEPLOYMENT_TARGET = 8.3;
				MTL_ENABLE_DEBUG_INFO = YES;
				ONLY_ACTIVE_ARCH = YES;
				SDKROOT = iphoneos;
				SWIFT_OPTIMIZATION_LEVEL = "-Onone";
			};
			name = Debug;
		};
		846A0CFD1B300BA8001C981F /* Release */ = {
			isa = XCBuildConfiguration;
			buildSettings = {
				ALWAYS_SEARCH_USER_PATHS = NO;
				CLANG_CXX_LANGUAGE_STANDARD = "gnu++0x";
				CLANG_CXX_LIBRARY = "libc++";
				CLANG_ENABLE_MODULES = YES;
				CLANG_ENABLE_OBJC_ARC = YES;
				CLANG_WARN_BOOL_CONVERSION = YES;
				CLANG_WARN_CONSTANT_CONVERSION = YES;
				CLANG_WARN_DIRECT_OBJC_ISA_USAGE = YES_ERROR;
				CLANG_WARN_EMPTY_BODY = YES;
				CLANG_WARN_ENUM_CONVERSION = YES;
				CLANG_WARN_INT_CONVERSION = YES;
				CLANG_WARN_OBJC_ROOT_CLASS = YES_ERROR;
				CLANG_WARN_UNREACHABLE_CODE = YES;
				CLANG_WARN__DUPLICATE_METHOD_MATCH = YES;
				"CODE_SIGN_IDENTITY[sdk=iphoneos*]" = "iPhone Developer";
				COPY_PHASE_STRIP = NO;
				DEBUG_INFORMATION_FORMAT = "dwarf-with-dsym";
				ENABLE_NS_ASSERTIONS = NO;
				ENABLE_STRICT_OBJC_MSGSEND = YES;
				GCC_C_LANGUAGE_STANDARD = gnu99;
				GCC_NO_COMMON_BLOCKS = YES;
				GCC_WARN_64_TO_32_BIT_CONVERSION = YES;
				GCC_WARN_ABOUT_RETURN_TYPE = YES_ERROR;
				GCC_WARN_UNDECLARED_SELECTOR = YES;
				GCC_WARN_UNINITIALIZED_AUTOS = YES_AGGRESSIVE;
				GCC_WARN_UNUSED_FUNCTION = YES;
				GCC_WARN_UNUSED_VARIABLE = YES;
				IPHONEOS_DEPLOYMENT_TARGET = 8.3;
				MTL_ENABLE_DEBUG_INFO = NO;
				SDKROOT = iphoneos;
				VALIDATE_PRODUCT = YES;
			};
			name = Release;
		};
		846A0CFF1B300BA8001C981F /* Debug */ = {
			isa = XCBuildConfiguration;
			buildSettings = {
				ASSETCATALOG_COMPILER_APPICON_NAME = AppIcon;
				INFOPLIST_FILE = Scorebb/Info.plist;
				LD_RUNPATH_SEARCH_PATHS = "$(inherited) @executable_path/Frameworks";
				PRODUCT_NAME = "$(TARGET_NAME)";
			};
			name = Debug;
		};
		846A0D001B300BA8001C981F /* Release */ = {
			isa = XCBuildConfiguration;
			buildSettings = {
				ASSETCATALOG_COMPILER_APPICON_NAME = AppIcon;
				INFOPLIST_FILE = Scorebb/Info.plist;
				LD_RUNPATH_SEARCH_PATHS = "$(inherited) @executable_path/Frameworks";
				PRODUCT_NAME = "$(TARGET_NAME)";
			};
			name = Release;
		};
		846A0D021B300BA8001C981F /* Debug */ = {
			isa = XCBuildConfiguration;
			buildSettings = {
				BUNDLE_LOADER = "$(TEST_HOST)";
				FRAMEWORK_SEARCH_PATHS = (
					"$(SDKROOT)/Developer/Library/Frameworks",
					"$(inherited)",
				);
				GCC_PREPROCESSOR_DEFINITIONS = (
					"DEBUG=1",
					"$(inherited)",
				);
				INFOPLIST_FILE = ScorebbTests/Info.plist;
				LD_RUNPATH_SEARCH_PATHS = "$(inherited) @executable_path/Frameworks @loader_path/Frameworks";
				PRODUCT_NAME = "$(TARGET_NAME)";
				TEST_HOST = "$(BUILT_PRODUCTS_DIR)/Scorebb.app/Scorebb";
			};
			name = Debug;
		};
		846A0D031B300BA8001C981F /* Release */ = {
			isa = XCBuildConfiguration;
			buildSettings = {
				BUNDLE_LOADER = "$(TEST_HOST)";
				FRAMEWORK_SEARCH_PATHS = (
					"$(SDKROOT)/Developer/Library/Frameworks",
					"$(inherited)",
				);
				INFOPLIST_FILE = ScorebbTests/Info.plist;
				LD_RUNPATH_SEARCH_PATHS = "$(inherited) @executable_path/Frameworks @loader_path/Frameworks";
				PRODUCT_NAME = "$(TARGET_NAME)";
				TEST_HOST = "$(BUILT_PRODUCTS_DIR)/Scorebb.app/Scorebb";
			};
			name = Release;
		};
/* End XCBuildConfiguration section */

/* Begin XCConfigurationList section */
		846A0CDA1B300BA7001C981F /* Build configuration list for PBXProject "Scorebb" */ = {
			isa = XCConfigurationList;
			buildConfigurations = (
				846A0CFC1B300BA8001C981F /* Debug */,
				846A0CFD1B300BA8001C981F /* Release */,
			);
			defaultConfigurationIsVisible = 0;
			defaultConfigurationName = Release;
		};
		846A0CFE1B300BA8001C981F /* Build configuration list for PBXNativeTarget "Scorebb" */ = {
			isa = XCConfigurationList;
			buildConfigurations = (
				846A0CFF1B300BA8001C981F /* Debug */,
				846A0D001B300BA8001C981F /* Release */,
			);
			defaultConfigurationIsVisible = 0;
			defaultConfigurationName = Release;
		};
		846A0D011B300BA8001C981F /* Build configuration list for PBXNativeTarget "ScorebbTests" */ = {
			isa = XCConfigurationList;
			buildConfigurations = (
				846A0D021B300BA8001C981F /* Debug */,
				846A0D031B300BA8001C981F /* Release */,
			);
			defaultConfigurationIsVisible = 0;
			defaultConfigurationName = Release;
		};
/* End XCConfigurationList section */
	};
	rootObject = 846A0CD71B300BA7001C981F /* Project object */;
}
